
Microsoft Visual Studio Solution File, Format Version 11.00
# Visual Studio 2010
Project("{FAE04EC0-301F-11D3-BF4B-00C04F79EFBC}") = "shunfeng.model", "shunfeng.model\shunfeng.model.csproj", "{62D842AA-2754-4D9F-9BF6-88CF75099B05}"
EndProject
Project("{FAE04EC0-301F-11D3-BF4B-00C04F79EFBC}") = "shunfeng.api", "shunfeng.api\shunfeng.api.csproj", "{46C33830-F0BD-4B68-87F4-48DFA13F165A}"
EndProject
Global
	GlobalSection(SolutionConfigurationPlatforms) = preSolution
		Debug|Any CPU = Debug|Any CPU
		Release|Any CPU = Release|Any CPU
	EndGlobalSection
	GlobalSection(ProjectConfigurationPlatforms) = postSolution
		{62D842AA-2754-4D9F-9BF6-88CF75099B05}.Debug|Any CPU.ActiveCfg = Debug|Any CPU
		{62D842AA-2754-4D9F-9BF6-88CF75099B05}.Debug|Any CPU.Build.0 = Debug|Any CPU
		{62D842AA-2754-4D9F-9BF6-88CF75099B05}.Release|Any CPU.ActiveCfg = Release|Any CPU
		{62D842AA-2754-4D9F-9BF6-88CF75099B05}.Release|Any CPU.Build.0 = Release|Any CPU
		{46C33830-F0BD-4B68-87F4-48DFA13F165A}.Debug|Any CPU.ActiveCfg = Debug|Any CPU
		{46C33830-F0BD-4B68-87F4-48DFA13F165A}.Debug|Any CPU.Build.0 = Debug|Any CPU
		{46C33830-F0BD-4B68-87F4-48DFA13F165A}.Release|Any CPU.ActiveCfg = Release|Any CPU
		{46C33830-F0BD-4B68-87F4-48DFA13F165A}.Release|Any CPU.Build.0 = Release|Any CPU
	EndGlobalSection
	GlobalSection(SolutionProperties) = preSolution
		HideSolutionNode = FALSE
	EndGlobalSection
EndGlobal
